// !$*UTF8*$!
{
	archiveVersion = 1;
	classes = {
	};
	objectVersion = 50;
	objects = {

/* Begin PBXBuildFile section */
		9B6B0DB32123D87200BB8BF9 /* Hero+Kitten.swift in Sources */ = {isa = PBXBuildFile; fileRef = 9B6B0DB22123D87200BB8BF9 /* Hero+Kitten.swift */; };
		9B6C23892123DB4600129E2F /* UINavigationBar+Kitten.swift in Sources */ = {isa = PBXBuildFile; fileRef = 9B6C23882123DB4600129E2F /* UINavigationBar+Kitten.swift */; };
		9B6C238B2123E6EA00129E2F /* String+Kitten.swift in Sources */ = {isa = PBXBuildFile; fileRef = 9B6C238A2123E6EA00129E2F /* String+Kitten.swift */; };
		9B6C238D2123F1E900129E2F /* KittenMainController.swift in Sources */ = {isa = PBXBuildFile; fileRef = 9B6C238C2123F1E900129E2F /* KittenMainController.swift */; };
		9B6C238F2123F89D00129E2F /* UITabBar+Kitten.swift in Sources */ = {isa = PBXBuildFile; fileRef = 9B6C238E2123F89D00129E2F /* UITabBar+Kitten.swift */; };
		9B876DF321155016002D0B33 /* AppDelegate.swift in Sources */ = {isa = PBXBuildFile; fileRef = 9B876DF221155016002D0B33 /* AppDelegate.swift */; };
		9B876DFD21155018002D0B33 /* LaunchScreen.storyboard in Resources */ = {isa = PBXBuildFile; fileRef = 9B876DFB21155018002D0B33 /* LaunchScreen.storyboard */; };
		9B876E0821155018002D0B33 /* MeuwMeuwTests.swift in Sources */ = {isa = PBXBuildFile; fileRef = 9B876E0721155018002D0B33 /* MeuwMeuwTests.swift */; };
		9B876E17211552CE002D0B33 /* HomeFeedNodeController.swift in Sources */ = {isa = PBXBuildFile; fileRef = 9B876E16211552CE002D0B33 /* HomeFeedNodeController.swift */; };
		9B876E19211552DB002D0B33 /* FavoriteFeedNodeController.swift in Sources */ = {isa = PBXBuildFile; fileRef = 9B876E18211552DB002D0B33 /* FavoriteFeedNodeController.swift */; };
		9B876E1B21155302002D0B33 /* ProfileNodeController.swift in Sources */ = {isa = PBXBuildFile; fileRef = 9B876E1A21155302002D0B33 /* ProfileNodeController.swift */; };
		9B876E1D21155318002D0B33 /* KittenShowNodeController.swift in Sources */ = {isa = PBXBuildFile; fileRef = 9B876E1C21155318002D0B33 /* KittenShowNodeController.swift */; };
		9B876E1F2115533F002D0B33 /* Kitten.swift in Sources */ = {isa = PBXBuildFile; fileRef = 9B876E1E2115533F002D0B33 /* Kitten.swift */; };
		9B876E2421155522002D0B33 /* KittenMock.swift in Sources */ = {isa = PBXBuildFile; fileRef = 9B876E2321155522002D0B33 /* KittenMock.swift */; };
		9B876E27211559CA002D0B33 /* KittenViewModel.swift in Sources */ = {isa = PBXBuildFile; fileRef = 9B876E26211559CA002D0B33 /* KittenViewModel.swift */; };
		9B876E2C21155D14002D0B33 /* KittenCellNode.swift in Sources */ = {isa = PBXBuildFile; fileRef = 9B876E2B21155D14002D0B33 /* KittenCellNode.swift */; };
		9B876E302115666E002D0B33 /* KittenWelcomeCellNode.swift in Sources */ = {isa = PBXBuildFile; fileRef = 9B876E2F2115666E002D0B33 /* KittenWelcomeCellNode.swift */; };
		9B876E3221156BBE002D0B33 /* User.swift in Sources */ = {isa = PBXBuildFile; fileRef = 9B876E3121156BBE002D0B33 /* User.swift */; };
		9B876E3621156ED9002D0B33 /* UserViewModel.swift in Sources */ = {isa = PBXBuildFile; fileRef = 9B876E3521156ED9002D0B33 /* UserViewModel.swift */; };
		9B876E3821156F80002D0B33 /* KittenWelcomCellViewModel.swift in Sources */ = {isa = PBXBuildFile; fileRef = 9B876E3721156F80002D0B33 /* KittenWelcomCellViewModel.swift */; };
		9B876E3A2115702F002D0B33 /* UserInfoNode.swift in Sources */ = {isa = PBXBuildFile; fileRef = 9B876E392115702F002D0B33 /* UserInfoNode.swift */; };
		9B876E3C2115788B002D0B33 /* UIColor+Kitten.swift in Sources */ = {isa = PBXBuildFile; fileRef = 9B876E3B2115788B002D0B33 /* UIColor+Kitten.swift */; };
		9B876E3E21157B20002D0B33 /* Assets.xcassets in Resources */ = {isa = PBXBuildFile; fileRef = 9B876E3D21157B20002D0B33 /* Assets.xcassets */; };
		9B876E4021157DF1002D0B33 /* UIImage+Kitten.swift in Sources */ = {isa = PBXBuildFile; fileRef = 9B876E3F21157DF1002D0B33 /* UIImage+Kitten.swift */; };
		9B876E4221157E11002D0B33 /* PawNode.swift in Sources */ = {isa = PBXBuildFile; fileRef = 9B876E4121157E11002D0B33 /* PawNode.swift */; };
		C64776B036EF9BECEB95FBD3 /* Pods_MeuwMeuw.framework in Frameworks */ = {isa = PBXBuildFile; fileRef = BCE48D529AAF1971C258AACB /* Pods_MeuwMeuw.framework */; };
/* End PBXBuildFile section */

/* Begin PBXContainerItemProxy section */
		9B876E0421155018002D0B33 /* PBXContainerItemProxy */ = {
			isa = PBXContainerItemProxy;
			containerPortal = 9B876DE721155016002D0B33 /* Project object */;
			proxyType = 1;
			remoteGlobalIDString = 9B876DEE21155016002D0B33;
			remoteInfo = MeuwMeuw;
		};
/* End PBXContainerItemProxy section */

/* Begin PBXFileReference section */
		47575E0CB8EB751EF2E820C5 /* Pods-MeuwMeuw.debug.xcconfig */ = {isa = PBXFileReference; includeInIndex = 1; lastKnownFileType = text.xcconfig; name = "Pods-MeuwMeuw.debug.xcconfig"; path = "Pods/Target Support Files/Pods-MeuwMeuw/Pods-MeuwMeuw.debug.xcconfig"; sourceTree = "<group>"; };
		888C8853F1E1625B620DC56E /* Pods-MeuwMeuw.release.xcconfig */ = {isa = PBXFileReference; includeInIndex = 1; lastKnownFileType = text.xcconfig; name = "Pods-MeuwMeuw.release.xcconfig"; path = "Pods/Target Support Files/Pods-MeuwMeuw/Pods-MeuwMeuw.release.xcconfig"; sourceTree = "<group>"; };
		9B6B0DB22123D87200BB8BF9 /* Hero+Kitten.swift */ = {isa = PBXFileReference; lastKnownFileType = sourcecode.swift; path = "Hero+Kitten.swift"; sourceTree = "<group>"; };
		9B6C23882123DB4600129E2F /* UINavigationBar+Kitten.swift */ = {isa = PBXFileReference; lastKnownFileType = sourcecode.swift; path = "UINavigationBar+Kitten.swift"; sourceTree = "<group>"; };
		9B6C238A2123E6EA00129E2F /* String+Kitten.swift */ = {isa = PBXFileReference; lastKnownFileType = sourcecode.swift; path = "String+Kitten.swift"; sourceTree = "<group>"; };
		9B6C238C2123F1E900129E2F /* KittenMainController.swift */ = {isa = PBXFileReference; lastKnownFileType = sourcecode.swift; path = KittenMainController.swift; sourceTree = "<group>"; };
		9B6C238E2123F89D00129E2F /* UITabBar+Kitten.swift */ = {isa = PBXFileReference; lastKnownFileType = sourcecode.swift; path = "UITabBar+Kitten.swift"; sourceTree = "<group>"; };
		9B876DEF21155016002D0B33 /* MeuwMeuw.app */ = {isa = PBXFileReference; explicitFileType = wrapper.application; includeInIndex = 0; path = MeuwMeuw.app; sourceTree = BUILT_PRODUCTS_DIR; };
		9B876DF221155016002D0B33 /* AppDelegate.swift */ = {isa = PBXFileReference; lastKnownFileType = sourcecode.swift; path = AppDelegate.swift; sourceTree = "<group>"; };
		9B876DFC21155018002D0B33 /* Base */ = {isa = PBXFileReference; lastKnownFileType = file.storyboard; name = Base; path = Base.lproj/LaunchScreen.storyboard; sourceTree = "<group>"; };
		9B876DFE21155018002D0B33 /* Info.plist */ = {isa = PBXFileReference; lastKnownFileType = text.plist.xml; path = Info.plist; sourceTree = "<group>"; };
		9B876E0321155018002D0B33 /* MeuwMeuwTests.xctest */ = {isa = PBXFileReference; explicitFileType = wrapper.cfbundle; includeInIndex = 0; path = MeuwMeuwTests.xctest; sourceTree = BUILT_PRODUCTS_DIR; };
		9B876E0721155018002D0B33 /* MeuwMeuwTests.swift */ = {isa = PBXFileReference; lastKnownFileType = sourcecode.swift; path = MeuwMeuwTests.swift; sourceTree = "<group>"; };
		9B876E0921155018002D0B33 /* Info.plist */ = {isa = PBXFileReference; lastKnownFileType = text.plist.xml; path = Info.plist; sourceTree = "<group>"; };
		9B876E16211552CE002D0B33 /* HomeFeedNodeController.swift */ = {isa = PBXFileReference; lastKnownFileType = sourcecode.swift; path = HomeFeedNodeController.swift; sourceTree = "<group>"; };
		9B876E18211552DB002D0B33 /* FavoriteFeedNodeController.swift */ = {isa = PBXFileReference; lastKnownFileType = sourcecode.swift; path = FavoriteFeedNodeController.swift; sourceTree = "<group>"; };
		9B876E1A21155302002D0B33 /* ProfileNodeController.swift */ = {isa = PBXFileReference; lastKnownFileType = sourcecode.swift; path = ProfileNodeController.swift; sourceTree = "<group>"; };
		9B876E1C21155318002D0B33 /* KittenShowNodeController.swift */ = {isa = PBXFileReference; lastKnownFileType = sourcecode.swift; path = KittenShowNodeController.swift; sourceTree = "<group>"; };
		9B876E1E2115533F002D0B33 /* Kitten.swift */ = {isa = PBXFileReference; lastKnownFileType = sourcecode.swift; path = Kitten.swift; sourceTree = "<group>"; };
		9B876E2321155522002D0B33 /* KittenMock.swift */ = {isa = PBXFileReference; lastKnownFileType = sourcecode.swift; path = KittenMock.swift; sourceTree = "<group>"; };
		9B876E26211559CA002D0B33 /* KittenViewModel.swift */ = {isa = PBXFileReference; lastKnownFileType = sourcecode.swift; path = KittenViewModel.swift; sourceTree = "<group>"; };
		9B876E2B21155D14002D0B33 /* KittenCellNode.swift */ = {isa = PBXFileReference; lastKnownFileType = sourcecode.swift; path = KittenCellNode.swift; sourceTree = "<group>"; };
		9B876E2F2115666E002D0B33 /* KittenWelcomeCellNode.swift */ = {isa = PBXFileReference; lastKnownFileType = sourcecode.swift; path = KittenWelcomeCellNode.swift; sourceTree = "<group>"; };
		9B876E3121156BBE002D0B33 /* User.swift */ = {isa = PBXFileReference; lastKnownFileType = sourcecode.swift; path = User.swift; sourceTree = "<group>"; };
		9B876E3521156ED9002D0B33 /* UserViewModel.swift */ = {isa = PBXFileReference; lastKnownFileType = sourcecode.swift; path = UserViewModel.swift; sourceTree = "<group>"; };
		9B876E3721156F80002D0B33 /* KittenWelcomCellViewModel.swift */ = {isa = PBXFileReference; lastKnownFileType = sourcecode.swift; path = KittenWelcomCellViewModel.swift; sourceTree = "<group>"; };
		9B876E392115702F002D0B33 /* UserInfoNode.swift */ = {isa = PBXFileReference; lastKnownFileType = sourcecode.swift; path = UserInfoNode.swift; sourceTree = "<group>"; };
		9B876E3B2115788B002D0B33 /* UIColor+Kitten.swift */ = {isa = PBXFileReference; lastKnownFileType = sourcecode.swift; path = "UIColor+Kitten.swift"; sourceTree = "<group>"; };
		9B876E3D21157B20002D0B33 /* Assets.xcassets */ = {isa = PBXFileReference; lastKnownFileType = folder.assetcatalog; path = Assets.xcassets; sourceTree = "<group>"; };
		9B876E3F21157DF1002D0B33 /* UIImage+Kitten.swift */ = {isa = PBXFileReference; lastKnownFileType = sourcecode.swift; path = "UIImage+Kitten.swift"; sourceTree = "<group>"; };
		9B876E4121157E11002D0B33 /* PawNode.swift */ = {isa = PBXFileReference; lastKnownFileType = sourcecode.swift; path = PawNode.swift; sourceTree = "<group>"; };
		BCE48D529AAF1971C258AACB /* Pods_MeuwMeuw.framework */ = {isa = PBXFileReference; explicitFileType = wrapper.framework; includeInIndex = 0; path = Pods_MeuwMeuw.framework; sourceTree = BUILT_PRODUCTS_DIR; };
/* End PBXFileReference section */

/* Begin PBXFrameworksBuildPhase section */
		9B876DEC21155016002D0B33 /* Frameworks */ = {
			isa = PBXFrameworksBuildPhase;
			buildActionMask = 2147483647;
			files = (
				C64776B036EF9BECEB95FBD3 /* Pods_MeuwMeuw.framework in Frameworks */,
			);
			runOnlyForDeploymentPostprocessing = 0;
		};
		9B876E0021155018002D0B33 /* Frameworks */ = {
			isa = PBXFrameworksBuildPhase;
			buildActionMask = 2147483647;
			files = (
			);
			runOnlyForDeploymentPostprocessing = 0;
		};
/* End PBXFrameworksBuildPhase section */

/* Begin PBXGroup section */
		51AF3DFF84F163FC5DA2EC42 /* Frameworks */ = {
			isa = PBXGroup;
			children = (
				BCE48D529AAF1971C258AACB /* Pods_MeuwMeuw.framework */,
			);
			name = Frameworks;
			sourceTree = "<group>";
		};
		9B876DE621155016002D0B33 = {
			isa = PBXGroup;
			children = (
				9B876DF121155016002D0B33 /* MeuwMeuw */,
				9B876E0621155018002D0B33 /* MeuwMeuwTests */,
				9B876DF021155016002D0B33 /* Products */,
				CFA704E7322FD64075846A5D /* Pods */,
				51AF3DFF84F163FC5DA2EC42 /* Frameworks */,
			);
			sourceTree = "<group>";
		};
		9B876DF021155016002D0B33 /* Products */ = {
			isa = PBXGroup;
			children = (
				9B876DEF21155016002D0B33 /* MeuwMeuw.app */,
				9B876E0321155018002D0B33 /* MeuwMeuwTests.xctest */,
			);
			name = Products;
			sourceTree = "<group>";
		};
		9B876DF121155016002D0B33 /* MeuwMeuw */ = {
			isa = PBXGroup;
			children = (
				9B876E25211559BA002D0B33 /* ViewModels */,
				9B876E2021155367002D0B33 /* Extensions */,
				9B876E1521155279002D0B33 /* Nodes */,
				9B876E1421155269002D0B33 /* Mocks */,
				9B876E1321155263002D0B33 /* Models */,
				9B876E1221155259002D0B33 /* Controllers */,
				9B876DF221155016002D0B33 /* AppDelegate.swift */,
				9B876DFB21155018002D0B33 /* LaunchScreen.storyboard */,
				9B876E3D21157B20002D0B33 /* Assets.xcassets */,
				9B876DFE21155018002D0B33 /* Info.plist */,
			);
			path = MeuwMeuw;
			sourceTree = "<group>";
		};
		9B876E0621155018002D0B33 /* MeuwMeuwTests */ = {
			isa = PBXGroup;
			children = (
				9B876E0721155018002D0B33 /* MeuwMeuwTests.swift */,
				9B876E0921155018002D0B33 /* Info.plist */,
			);
			path = MeuwMeuwTests;
			sourceTree = "<group>";
		};
		9B876E1221155259002D0B33 /* Controllers */ = {
			isa = PBXGroup;
			children = (
				9B876E16211552CE002D0B33 /* HomeFeedNodeController.swift */,
				9B876E18211552DB002D0B33 /* FavoriteFeedNodeController.swift */,
				9B876E1A21155302002D0B33 /* ProfileNodeController.swift */,
				9B876E1C21155318002D0B33 /* KittenShowNodeController.swift */,
				9B6C238C2123F1E900129E2F /* KittenMainController.swift */,
			);
			path = Controllers;
			sourceTree = "<group>";
		};
		9B876E1321155263002D0B33 /* Models */ = {
			isa = PBXGroup;
			children = (
				9B876E1E2115533F002D0B33 /* Kitten.swift */,
				9B876E3121156BBE002D0B33 /* User.swift */,
			);
			path = Models;
			sourceTree = "<group>";
		};
		9B876E1421155269002D0B33 /* Mocks */ = {
			isa = PBXGroup;
			children = (
				9B876E2321155522002D0B33 /* KittenMock.swift */,
			);
			path = Mocks;
			sourceTree = "<group>";
		};
		9B876E1521155279002D0B33 /* Nodes */ = {
			isa = PBXGroup;
			children = (
				9B876E2B21155D14002D0B33 /* KittenCellNode.swift */,
				9B876E2F2115666E002D0B33 /* KittenWelcomeCellNode.swift */,
				9B876E392115702F002D0B33 /* UserInfoNode.swift */,
				9B876E4121157E11002D0B33 /* PawNode.swift */,
			);
			path = Nodes;
			sourceTree = "<group>";
		};
		9B876E2021155367002D0B33 /* Extensions */ = {
			isa = PBXGroup;
			children = (
				9B876E3B2115788B002D0B33 /* UIColor+Kitten.swift */,
				9B876E3F21157DF1002D0B33 /* UIImage+Kitten.swift */,
				9B6B0DB22123D87200BB8BF9 /* Hero+Kitten.swift */,
				9B6C23882123DB4600129E2F /* UINavigationBar+Kitten.swift */,
				9B6C238A2123E6EA00129E2F /* String+Kitten.swift */,
				9B6C238E2123F89D00129E2F /* UITabBar+Kitten.swift */,
			);
			path = Extensions;
			sourceTree = "<group>";
		};
		9B876E25211559BA002D0B33 /* ViewModels */ = {
			isa = PBXGroup;
			children = (
				9B876E26211559CA002D0B33 /* KittenViewModel.swift */,
				9B876E3521156ED9002D0B33 /* UserViewModel.swift */,
				9B876E3721156F80002D0B33 /* KittenWelcomCellViewModel.swift */,
			);
			path = ViewModels;
			sourceTree = "<group>";
		};
		CFA704E7322FD64075846A5D /* Pods */ = {
			isa = PBXGroup;
			children = (
				47575E0CB8EB751EF2E820C5 /* Pods-MeuwMeuw.debug.xcconfig */,
				888C8853F1E1625B620DC56E /* Pods-MeuwMeuw.release.xcconfig */,
			);
			name = Pods;
			sourceTree = "<group>";
		};
/* End PBXGroup section */

/* Begin PBXNativeTarget section */
		9B876DEE21155016002D0B33 /* MeuwMeuw */ = {
			isa = PBXNativeTarget;
			buildConfigurationList = 9B876E0C21155018002D0B33 /* Build configuration list for PBXNativeTarget "MeuwMeuw" */;
			buildPhases = (
				F49A4E8FF4AC94D940DBB73E /* [CP] Check Pods Manifest.lock */,
				9B876DEB21155016002D0B33 /* Sources */,
				9B876DEC21155016002D0B33 /* Frameworks */,
				9B876DED21155016002D0B33 /* Resources */,
				8BB0E4A736BC677352C8B5BF /* [CP] Embed Pods Frameworks */,
			);
			buildRules = (
			);
			dependencies = (
			);
			name = MeuwMeuw;
			productName = MeuwMeuw;
			productReference = 9B876DEF21155016002D0B33 /* MeuwMeuw.app */;
			productType = "com.apple.product-type.application";
		};
		9B876E0221155018002D0B33 /* MeuwMeuwTests */ = {
			isa = PBXNativeTarget;
			buildConfigurationList = 9B876E0F21155018002D0B33 /* Build configuration list for PBXNativeTarget "MeuwMeuwTests" */;
			buildPhases = (
				9B876DFF21155018002D0B33 /* Sources */,
				9B876E0021155018002D0B33 /* Frameworks */,
				9B876E0121155018002D0B33 /* Resources */,
			);
			buildRules = (
			);
			dependencies = (
				9B876E0521155018002D0B33 /* PBXTargetDependency */,
			);
			name = MeuwMeuwTests;
			productName = MeuwMeuwTests;
			productReference = 9B876E0321155018002D0B33 /* MeuwMeuwTests.xctest */;
			productType = "com.apple.product-type.bundle.unit-test";
		};
/* End PBXNativeTarget section */

/* Begin PBXProject section */
		9B876DE721155016002D0B33 /* Project object */ = {
			isa = PBXProject;
			attributes = {
				LastSwiftUpdateCheck = 0940;
				LastUpgradeCheck = 0940;
				ORGANIZATIONNAME = Geektree0101;
				TargetAttributes = {
					9B876DEE21155016002D0B33 = {
						CreatedOnToolsVersion = 9.4.1;
					};
					9B876E0221155018002D0B33 = {
						CreatedOnToolsVersion = 9.4.1;
						TestTargetID = 9B876DEE21155016002D0B33;
					};
				};
			};
			buildConfigurationList = 9B876DEA21155016002D0B33 /* Build configuration list for PBXProject "MeuwMeuw" */;
			compatibilityVersion = "Xcode 9.3";
			developmentRegion = en;
			hasScannedForEncodings = 0;
			knownRegions = (
				en,
				Base,
			);
			mainGroup = 9B876DE621155016002D0B33;
			productRefGroup = 9B876DF021155016002D0B33 /* Products */;
			projectDirPath = "";
			projectRoot = "";
			targets = (
				9B876DEE21155016002D0B33 /* MeuwMeuw */,
				9B876E0221155018002D0B33 /* MeuwMeuwTests */,
			);
		};
/* End PBXProject section */

/* Begin PBXResourcesBuildPhase section */
		9B876DED21155016002D0B33 /* Resources */ = {
			isa = PBXResourcesBuildPhase;
			buildActionMask = 2147483647;
			files = (
				9B876E3E21157B20002D0B33 /* Assets.xcassets in Resources */,
				9B876DFD21155018002D0B33 /* LaunchScreen.storyboard in Resources */,
			);
			runOnlyForDeploymentPostprocessing = 0;
		};
		9B876E0121155018002D0B33 /* Resources */ = {
			isa = PBXResourcesBuildPhase;
			buildActionMask = 2147483647;
			files = (
			);
			runOnlyForDeploymentPostprocessing = 0;
		};
/* End PBXResourcesBuildPhase section */

/* Begin PBXShellScriptBuildPhase section */
		8BB0E4A736BC677352C8B5BF /* [CP] Embed Pods Frameworks */ = {
			isa = PBXShellScriptBuildPhase;
			buildActionMask = 2147483647;
			files = (
			);
			inputPaths = (
				"${SRCROOT}/Pods/Target Support Files/Pods-MeuwMeuw/Pods-MeuwMeuw-frameworks.sh",
				"${BUILT_PRODUCTS_DIR}/Alamofire/Alamofire.framework",
				"${BUILT_PRODUCTS_DIR}/Hero/Hero.framework",
				"${BUILT_PRODUCTS_DIR}/PINCache/PINCache.framework",
				"${BUILT_PRODUCTS_DIR}/PINOperation/PINOperation.framework",
				"${BUILT_PRODUCTS_DIR}/PINRemoteImage/PINRemoteImage.framework",
				"${BUILT_PRODUCTS_DIR}/RxAlamofire/RxAlamofire.framework",
				"${BUILT_PRODUCTS_DIR}/RxCocoa/RxCocoa.framework",
				"${BUILT_PRODUCTS_DIR}/RxCocoa-Texture/RxCocoa_Texture.framework",
				"${BUILT_PRODUCTS_DIR}/RxOptional/RxOptional.framework",
				"${BUILT_PRODUCTS_DIR}/RxSwift/RxSwift.framework",
				"${BUILT_PRODUCTS_DIR}/Texture/AsyncDisplayKit.framework",
			);
			name = "[CP] Embed Pods Frameworks";
			outputPaths = (
				"${TARGET_BUILD_DIR}/${FRAMEWORKS_FOLDER_PATH}/Alamofire.framework",
				"${TARGET_BUILD_DIR}/${FRAMEWORKS_FOLDER_PATH}/Hero.framework",
				"${TARGET_BUILD_DIR}/${FRAMEWORKS_FOLDER_PATH}/PINCache.framework",
				"${TARGET_BUILD_DIR}/${FRAMEWORKS_FOLDER_PATH}/PINOperation.framework",
				"${TARGET_BUILD_DIR}/${FRAMEWORKS_FOLDER_PATH}/PINRemoteImage.framework",
				"${TARGET_BUILD_DIR}/${FRAMEWORKS_FOLDER_PATH}/RxAlamofire.framework",
				"${TARGET_BUILD_DIR}/${FRAMEWORKS_FOLDER_PATH}/RxCocoa.framework",
				"${TARGET_BUILD_DIR}/${FRAMEWORKS_FOLDER_PATH}/RxCocoa_Texture.framework",
				"${TARGET_BUILD_DIR}/${FRAMEWORKS_FOLDER_PATH}/RxOptional.framework",
				"${TARGET_BUILD_DIR}/${FRAMEWORKS_FOLDER_PATH}/RxSwift.framework",
				"${TARGET_BUILD_DIR}/${FRAMEWORKS_FOLDER_PATH}/AsyncDisplayKit.framework",
			);
			runOnlyForDeploymentPostprocessing = 0;
			shellPath = /bin/sh;
			shellScript = "\"${SRCROOT}/Pods/Target Support Files/Pods-MeuwMeuw/Pods-MeuwMeuw-frameworks.sh\"\n";
			showEnvVarsInLog = 0;
		};
		F49A4E8FF4AC94D940DBB73E /* [CP] Check Pods Manifest.lock */ = {
			isa = PBXShellScriptBuildPhase;
			buildActionMask = 2147483647;
			files = (
			);
			inputPaths = (
				"${PODS_PODFILE_DIR_PATH}/Podfile.lock",
				"${PODS_ROOT}/Manifest.lock",
			);
			name = "[CP] Check Pods Manifest.lock";
			outputPaths = (
				"$(DERIVED_FILE_DIR)/Pods-MeuwMeuw-checkManifestLockResult.txt",
			);
			runOnlyForDeploymentPostprocessing = 0;
			shellPath = /bin/sh;
			shellScript = "diff \"${PODS_PODFILE_DIR_PATH}/Podfile.lock\" \"${PODS_ROOT}/Manifest.lock\" > /dev/null\nif [ $? != 0 ] ; then\n    # print error to STDERR\n    echo \"error: The sandbox is not in sync with the Podfile.lock. Run 'pod install' or update your CocoaPods installation.\" >&2\n    exit 1\nfi\n# This output is used by Xcode 'outputs' to avoid re-running this script phase.\necho \"SUCCESS\" > \"${SCRIPT_OUTPUT_FILE_0}\"\n";
			showEnvVarsInLog = 0;
		};
/* End PBXShellScriptBuildPhase section */

/* Begin PBXSourcesBuildPhase section */
		9B876DEB21155016002D0B33 /* Sources */ = {
			isa = PBXSourcesBuildPhase;
			buildActionMask = 2147483647;
			files = (
				9B876E302115666E002D0B33 /* KittenWelcomeCellNode.swift in Sources */,
				9B876E1D21155318002D0B33 /* KittenShowNodeController.swift in Sources */,
				9B876E3821156F80002D0B33 /* KittenWelcomCellViewModel.swift in Sources */,
				9B876E27211559CA002D0B33 /* KittenViewModel.swift in Sources */,
				9B876E4021157DF1002D0B33 /* UIImage+Kitten.swift in Sources */,
				9B876E19211552DB002D0B33 /* FavoriteFeedNodeController.swift in Sources */,
				9B876E1F2115533F002D0B33 /* Kitten.swift in Sources */,
				9B876E3621156ED9002D0B33 /* UserViewModel.swift in Sources */,
				9B876E2421155522002D0B33 /* KittenMock.swift in Sources */,
				9B6C23892123DB4600129E2F /* UINavigationBar+Kitten.swift in Sources */,
				9B876E4221157E11002D0B33 /* PawNode.swift in Sources */,
				9B876E1B21155302002D0B33 /* ProfileNodeController.swift in Sources */,
				9B876E17211552CE002D0B33 /* HomeFeedNodeController.swift in Sources */,
				9B876E3C2115788B002D0B33 /* UIColor+Kitten.swift in Sources */,
				9B876E3221156BBE002D0B33 /* User.swift in Sources */,
				9B6B0DB32123D87200BB8BF9 /* Hero+Kitten.swift in Sources */,
				9B876DF321155016002D0B33 /* AppDelegate.swift in Sources */,
				9B876E2C21155D14002D0B33 /* KittenCellNode.swift in Sources */,
				9B876E3A2115702F002D0B33 /* UserInfoNode.swift in Sources */,
				9B6C238D2123F1E900129E2F /* KittenMainController.swift in Sources */,
				9B6C238F2123F89D00129E2F /* UITabBar+Kitten.swift in Sources */,
				9B6C238B2123E6EA00129E2F /* String+Kitten.swift in Sources */,
			);
			runOnlyForDeploymentPostprocessing = 0;
		};
		9B876DFF21155018002D0B33 /* Sources */ = {
			isa = PBXSourcesBuildPhase;
			buildActionMask = 2147483647;
			files = (
				9B876E0821155018002D0B33 /* MeuwMeuwTests.swift in Sources */,
			);
			runOnlyForDeploymentPostprocessing = 0;
		};
/* End PBXSourcesBuildPhase section */

/* Begin PBXTargetDependency section */
		9B876E0521155018002D0B33 /* PBXTargetDependency */ = {
			isa = PBXTargetDependency;
			target = 9B876DEE21155016002D0B33 /* MeuwMeuw */;
			targetProxy = 9B876E0421155018002D0B33 /* PBXContainerItemProxy */;
		};
/* End PBXTargetDependency section */

/* Begin PBXVariantGroup section */
		9B876DFB21155018002D0B33 /* LaunchScreen.storyboard */ = {
			isa = PBXVariantGroup;
			children = (
				9B876DFC21155018002D0B33 /* Base */,
			);
			name = LaunchScreen.storyboard;
			sourceTree = "<group>";
		};
/* End PBXVariantGroup section */

/* Begin XCBuildConfiguration section */
		9B876E0A21155018002D0B33 /* Debug */ = {
			isa = XCBuildConfiguration;
			buildSettings = {
				ALWAYS_SEARCH_USER_PATHS = NO;
				CLANG_ANALYZER_NONNULL = YES;
				CLANG_ANALYZER_NUMBER_OBJECT_CONVERSION = YES_AGGRESSIVE;
				CLANG_CXX_LANGUAGE_STANDARD = "gnu++14";
				CLANG_CXX_LIBRARY = "libc++";
				CLANG_ENABLE_MODULES = YES;
				CLANG_ENABLE_OBJC_ARC = YES;
				CLANG_ENABLE_OBJC_WEAK = YES;
				CLANG_WARN_BLOCK_CAPTURE_AUTORELEASING = YES;
				CLANG_WARN_BOOL_CONVERSION = YES;
				CLANG_WARN_COMMA = YES;
				CLANG_WARN_CONSTANT_CONVERSION = YES;
				CLANG_WARN_DEPRECATED_OBJC_IMPLEMENTATIONS = YES;
				CLANG_WARN_DIRECT_OBJC_ISA_USAGE = YES_ERROR;
				CLANG_WARN_DOCUMENTATION_COMMENTS = YES;
				CLANG_WARN_EMPTY_BODY = YES;
				CLANG_WARN_ENUM_CONVERSION = YES;
				CLANG_WARN_INFINITE_RECURSION = YES;
				CLANG_WARN_INT_CONVERSION = YES;
				CLANG_WARN_NON_LITERAL_NULL_CONVERSION = YES;
				CLANG_WARN_OBJC_IMPLICIT_RETAIN_SELF = YES;
				CLANG_WARN_OBJC_LITERAL_CONVERSION = YES;
				CLANG_WARN_OBJC_ROOT_CLASS = YES_ERROR;
				CLANG_WARN_RANGE_LOOP_ANALYSIS = YES;
				CLANG_WARN_STRICT_PROTOTYPES = YES;
				CLANG_WARN_SUSPICIOUS_MOVE = YES;
				CLANG_WARN_UNGUARDED_AVAILABILITY = YES_AGGRESSIVE;
				CLANG_WARN_UNREACHABLE_CODE = YES;
				CLANG_WARN__DUPLICATE_METHOD_MATCH = YES;
				CODE_SIGN_IDENTITY = "iPhone Developer";
				COPY_PHASE_STRIP = NO;
				DEBUG_INFORMATION_FORMAT = dwarf;
				ENABLE_STRICT_OBJC_MSGSEND = YES;
				ENABLE_TESTABILITY = YES;
				GCC_C_LANGUAGE_STANDARD = gnu11;
				GCC_DYNAMIC_NO_PIC = NO;
				GCC_NO_COMMON_BLOCKS = YES;
				GCC_OPTIMIZATION_LEVEL = 0;
				GCC_PREPROCESSOR_DEFINITIONS = (
					"DEBUG=1",
					"$(inherited)",
				);
				GCC_WARN_64_TO_32_BIT_CONVERSION = YES;
				GCC_WARN_ABOUT_RETURN_TYPE = YES_ERROR;
				GCC_WARN_UNDECLARED_SELECTOR = YES;
				GCC_WARN_UNINITIALIZED_AUTOS = YES_AGGRESSIVE;
				GCC_WARN_UNUSED_FUNCTION = YES;
				GCC_WARN_UNUSED_VARIABLE = YES;
				IPHONEOS_DEPLOYMENT_TARGET = 11.4;
				MTL_ENABLE_DEBUG_INFO = YES;
				ONLY_ACTIVE_ARCH = YES;
				SDKROOT = iphoneos;
				SWIFT_ACTIVE_COMPILATION_CONDITIONS = DEBUG;
				SWIFT_OPTIMIZATION_LEVEL = "-Onone";
			};
			name = Debug;
		};
		9B876E0B21155018002D0B33 /* Release */ = {
			isa = XCBuildConfiguration;
			buildSettings = {
				ALWAYS_SEARCH_USER_PATHS = NO;
				CLANG_ANALYZER_NONNULL = YES;
				CLANG_ANALYZER_NUMBER_OBJECT_CONVERSION = YES_AGGRESSIVE;
				CLANG_CXX_LANGUAGE_STANDARD = "gnu++14";
				CLANG_CXX_LIBRARY = "libc++";
				CLANG_ENABLE_MODULES = YES;
				CLANG_ENABLE_OBJC_ARC = YES;
				CLANG_ENABLE_OBJC_WEAK = YES;
				CLANG_WARN_BLOCK_CAPTURE_AUTORELEASING = YES;
				CLANG_WARN_BOOL_CONVERSION = YES;
				CLANG_WARN_COMMA = YES;
				CLANG_WARN_CONSTANT_CONVERSION = YES;
				CLANG_WARN_DEPRECATED_OBJC_IMPLEMENTATIONS = YES;
				CLANG_WARN_DIRECT_OBJC_ISA_USAGE = YES_ERROR;
				CLANG_WARN_DOCUMENTATION_COMMENTS = YES;
				CLANG_WARN_EMPTY_BODY = YES;
				CLANG_WARN_ENUM_CONVERSION = YES;
				CLANG_WARN_INFINITE_RECURSION = YES;
				CLANG_WARN_INT_CONVERSION = YES;
				CLANG_WARN_NON_LITERAL_NULL_CONVERSION = YES;
				CLANG_WARN_OBJC_IMPLICIT_RETAIN_SELF = YES;
				CLANG_WARN_OBJC_LITERAL_CONVERSION = YES;
				CLANG_WARN_OBJC_ROOT_CLASS = YES_ERROR;
				CLANG_WARN_RANGE_LOOP_ANALYSIS = YES;
				CLANG_WARN_STRICT_PROTOTYPES = YES;
				CLANG_WARN_SUSPICIOUS_MOVE = YES;
				CLANG_WARN_UNGUARDED_AVAILABILITY = YES_AGGRESSIVE;
				CLANG_WARN_UNREACHABLE_CODE = YES;
				CLANG_WARN__DUPLICATE_METHOD_MATCH = YES;
				CODE_SIGN_IDENTITY = "iPhone Developer";
				COPY_PHASE_STRIP = NO;
				DEBUG_INFORMATION_FORMAT = "dwarf-with-dsym";
				ENABLE_NS_ASSERTIONS = NO;
				ENABLE_STRICT_OBJC_MSGSEND = YES;
				GCC_C_LANGUAGE_STANDARD = gnu11;
				GCC_NO_COMMON_BLOCKS = YES;
				GCC_WARN_64_TO_32_BIT_CONVERSION = YES;
				GCC_WARN_ABOUT_RETURN_TYPE = YES_ERROR;
				GCC_WARN_UNDECLARED_SELECTOR = YES;
				GCC_WARN_UNINITIALIZED_AUTOS = YES_AGGRESSIVE;
				GCC_WARN_UNUSED_FUNCTION = YES;
				GCC_WARN_UNUSED_VARIABLE = YES;
				IPHONEOS_DEPLOYMENT_TARGET = 11.4;
				MTL_ENABLE_DEBUG_INFO = NO;
				SDKROOT = iphoneos;
				SWIFT_COMPILATION_MODE = wholemodule;
				SWIFT_OPTIMIZATION_LEVEL = "-O";
				VALIDATE_PRODUCT = YES;
			};
			name = Release;
		};
		9B876E0D21155018002D0B33 /* Debug */ = {
			isa = XCBuildConfiguration;
			baseConfigurationReference = 47575E0CB8EB751EF2E820C5 /* Pods-MeuwMeuw.debug.xcconfig */;
			buildSettings = {
				ASSETCATALOG_COMPILER_APPICON_NAME = AppIcon;
				CODE_SIGN_STYLE = Automatic;
				DEVELOPMENT_TEAM = JTEXWEH4CZ;
				INFOPLIST_FILE = MeuwMeuw/Info.plist;
				LD_RUNPATH_SEARCH_PATHS = (
					"$(inherited)",
					"@executable_path/Frameworks",
				);
				PRODUCT_BUNDLE_IDENTIFIER = Geektree0101.MeuwMeuw;
				PRODUCT_NAME = "$(TARGET_NAME)";
				SWIFT_VERSION = 4.0;
				TARGETED_DEVICE_FAMILY = "1,2";
			};
			name = Debug;
		};
		9B876E0E21155018002D0B33 /* Release */ = {
			isa = XCBuildConfiguration;
			baseConfigurationReference = 888C8853F1E1625B620DC56E /* Pods-MeuwMeuw.release.xcconfig */;
			buildSettings = {
				ASSETCATALOG_COMPILER_APPICON_NAME = AppIcon;
				CODE_SIGN_STYLE = Automatic;
				DEVELOPMENT_TEAM = JTEXWEH4CZ;
				INFOPLIST_FILE = MeuwMeuw/Info.plist;
				LD_RUNPATH_SEARCH_PATHS = (
					"$(inherited)",
					"@executable_path/Frameworks",
				);
				PRODUCT_BUNDLE_IDENTIFIER = Geektree0101.MeuwMeuw;
				PRODUCT_NAME = "$(TARGET_NAME)";
				SWIFT_VERSION = 4.0;
				TARGETED_DEVICE_FAMILY = "1,2";
			};
			name = Release;
		};
		9B876E1021155018002D0B33 /* Debug */ = {
			isa = XCBuildConfiguration;
			buildSettings = {
				ALWAYS_EMBED_SWIFT_STANDARD_LIBRARIES = YES;
				BUNDLE_LOADER = "$(TEST_HOST)";
				CODE_SIGN_STYLE = Automatic;
				DEVELOPMENT_TEAM = JTEXWEH4CZ;
				INFOPLIST_FILE = MeuwMeuwTests/Info.plist;
				LD_RUNPATH_SEARCH_PATHS = (
					"$(inherited)",
					"@executable_path/Frameworks",
					"@loader_path/Frameworks",
				);
				PRODUCT_BUNDLE_IDENTIFIER = Geektree0101.MeuwMeuwTests;
				PRODUCT_NAME = "$(TARGET_NAME)";
				SWIFT_VERSION = 4.0;
				TARGETED_DEVICE_FAMILY = "1,2";
				TEST_HOST = "$(BUILT_PRODUCTS_DIR)/MeuwMeuw.app/MeuwMeuw";
			};
			name = Debug;
		};
		9B876E1121155018002D0B33 /* Release */ = {
			isa = XCBuildConfiguration;
			buildSettings = {
				ALWAYS_EMBED_SWIFT_STANDARD_LIBRARIES = YES;
				BUNDLE_LOADER = "$(TEST_HOST)";
				CODE_SIGN_STYLE = Automatic;
				DEVELOPMENT_TEAM = JTEXWEH4CZ;
				INFOPLIST_FILE = MeuwMeuwTests/Info.plist;
				LD_RUNPATH_SEARCH_PATHS = (
					"$(inherited)",
					"@executable_path/Frameworks",
					"@loader_path/Frameworks",
				);
				PRODUCT_BUNDLE_IDENTIFIER = Geektree0101.MeuwMeuwTests;
				PRODUCT_NAME = "$(TARGET_NAME)";
				SWIFT_VERSION = 4.0;
				TARGETED_DEVICE_FAMILY = "1,2";
				TEST_HOST = "$(BUILT_PRODUCTS_DIR)/MeuwMeuw.app/MeuwMeuw";
			};
			name = Release;
		};
/* End XCBuildConfiguration section */

/* Begin XCConfigurationList section */
		9B876DEA21155016002D0B33 /* Build configuration list for PBXProject "MeuwMeuw" */ = {
			isa = XCConfigurationList;
			buildConfigurations = (
				9B876E0A21155018002D0B33 /* Debug */,
				9B876E0B21155018002D0B33 /* Release */,
			);
			defaultConfigurationIsVisible = 0;
			defaultConfigurationName = Release;
		};
		9B876E0C21155018002D0B33 /* Build configuration list for PBXNativeTarget "MeuwMeuw" */ = {
			isa = XCConfigurationList;
			buildConfigurations = (
				9B876E0D21155018002D0B33 /* Debug */,
				9B876E0E21155018002D0B33 /* Release */,
			);
			defaultConfigurationIsVisible = 0;
			defaultConfigurationName = Release;
		};
		9B876E0F21155018002D0B33 /* Build configuration list for PBXNativeTarget "MeuwMeuwTests" */ = {
			isa = XCConfigurationList;
			buildConfigurations = (
				9B876E1021155018002D0B33 /* Debug */,
				9B876E1121155018002D0B33 /* Release */,
			);
			defaultConfigurationIsVisible = 0;
			defaultConfigurationName = Release;
		};
/* End XCConfigurationList section */
	};
	rootObject = 9B876DE721155016002D0B33 /* Project object */;
}
